<?xml version="1.0" encoding="utf-8"?>
<Project ToolsVersion="4.0" xmlns="http://schemas.microsoft.com/developer/msbuild/2003">
  <ItemGroup>
    <Filter Include="Source Files">
      <UniqueIdentifier>{4FC737F1-C7A5-4376-A066-2A32D752A2FF}</UniqueIdentifier>
      <Extensions>cpp;c;cc;cxx;def;odl;idl;hpj;bat;asm;asmx</Extensions>
    </Filter>
    <Filter Include="Header Files">
      <UniqueIdentifier>{93995380-89BD-4b04-88EB-625FBE52EBFB}</UniqueIdentifier>
      <Extensions>h;hh;hpp;hxx;hm;inl;inc;xsd</Extensions>
    </Filter>
    <Filter Include="Resource Files">
      <UniqueIdentifier>{67DA6AB6-F800-4c08-8B7A-83BB121AAD01}</UniqueIdentifier>
      <Extensions>rc;ico;cur;bmp;dlg;rc2;rct;bin;rgs;gif;jpg;jpeg;jpe;resx;tiff;tif;png;wav;mfcribbon-ms</Extensions>
    </Filter>
  </ItemGroup>
  <ItemGroup>
    <ClInclude Include="ClassFactory.h">
      <Filter>Header Files</Filter>
    </ClInclude>
    <ClInclude Include="ConnectionPoint.h">
      <Filter>Header Files</Filter>
    </ClInclude>
    <ClInclude Include="DispatchImpl.h">
      <Filter>Header Files</Filter>
    </ClInclude>
    <ClInclude Include="DMessengerEventsConnectionPoint.h">
      <Filter>Header Files</Filter>
    </ClInclude>
    <ClInclude Include="IWeakReference.h">
      <Filter>Header Files</Filter>
    </ClInclude>
    <ClInclude Include="IWeakReferenceSource.h">
      <Filter>Header Files</Filter>
    </ClInclude>
    <ClInclude Include="Log.h">
      <Filter>Header Files</Filter>
    </ClInclude>
    <ClInclude Include="Messenger.h">
      <Filter>Header Files</Filter>
    </ClInclude>
    <ClInclude Include="MessengerClassFactory.h">
      <Filter>Header Files</Filter>
    </ClInclude>
    <ClInclude Include="MessengerContact.h">
      <Filter>Header Files</Filter>
    </ClInclude>
    <ClInclude Include="MessengerContacts.h">
      <Filter>Header Files</Filter>
    </ClInclude>
    <ClInclude Include="MessengerService.h">
      <Filter>Header Files</Filter>
    </ClInclude>
    <ClInclude Include="MessengerServices.h">
      <Filter>Header Files</Filter>
    </ClInclude>
    <ClInclude Include="net_java_sip_communicator_plugin_msofficecomm_Messenger.h">
      <Filter>Header Files</Filter>
    </ClInclude>
    <ClInclude Include="net_java_sip_communicator_plugin_msofficecomm_OutOfProcessServer.h">
      <Filter>Header Files</Filter>
    </ClInclude>
    <ClInclude Include="OutOfProcessServer.h">
      <Filter>Header Files</Filter>
    </ClInclude>
    <ClInclude Include="Resources.h">
      <Filter>Header Files</Filter>
    </ClInclude>
    <ClInclude Include="StringUtils.h">
      <Filter>Header Files</Filter>
    </ClInclude>
    <ClInclude Include="UnknownImpl.h">
      <Filter>Header Files</Filter>
    </ClInclude>
    <ClInclude Include="WeakReference.h">
      <Filter>Header Files</Filter>
    </ClInclude>
    <ClInclude Include="WeakReferenceSource.h">
      <Filter>Header Files</Filter>
    </ClInclude>
  </ItemGroup>
  <ItemGroup>
    <ClCompile Include="ClassFactory.cxx">
      <Filter>Source Files</Filter>
    </ClCompile>
    <ClCompile Include="DMessengerEventsConnectionPoint.cxx">
      <Filter>Source Files</Filter>
    </ClCompile>
    <ClCompile Include="IWeakReference.cxx">
      <Filter>Source Files</Filter>
    </ClCompile>
    <ClCompile Include="IWeakReferenceSource.cxx">
      <Filter>Source Files</Filter>
    </ClCompile>
    <ClCompile Include="Log.cxx">
      <Filter>Source Files</Filter>
    </ClCompile>
    <ClCompile Include="Messenger.cxx">
      <Filter>Source Files</Filter>
    </ClCompile>
    <ClCompile Include="MessengerClassFactory.cxx">
      <Filter>Source Files</Filter>
    </ClCompile>
    <ClCompile Include="MessengerContact.cxx">
      <Filter>Source Files</Filter>
    </ClCompile>
    <ClCompile Include="MessengerContacts.cxx">
      <Filter>Source Files</Filter>
    </ClCompile>
    <ClCompile Include="MessengerService.cxx">
      <Filter>Source Files</Filter>
    </ClCompile>
    <ClCompile Include="MessengerServices.cxx">
      <Filter>Source Files</Filter>
    </ClCompile>
    <ClCompile Include="OutOfProcessServer.cxx">
      <Filter>Source Files</Filter>
    </ClCompile>
    <ClCompile Include="StringUtils.cxx">
      <Filter>Source Files</Filter>
    </ClCompile>
    <ClCompile Include="WeakReference.cxx">
      <Filter>Source Files</Filter>
    </ClCompile>
    <ClCompile Include="WeakReferenceSource.cxx">
      <Filter>Source Files</Filter>
    </ClCompile>
  </ItemGroup>
  <ItemGroup>
    <ResourceCompile Include="Resources.rc">
      <Filter>Resource Files</Filter>
    </ResourceCompile>
  </ItemGroup>
  <ItemGroup>
    <None Include="jsmofficecomm.def">
      <Filter>Resource Files</Filter>
    </None>
  </ItemGroup>
</Project>